// !$*UTF8*$!
{
	archiveVersion = 1;
	classes = {
	};
	objectVersion = 46;
	objects = {

/* Begin PBXBuildFile section */
		06771BBD0C28259135162E3D /* libPods-MLLaunchADView.a in Frameworks */ = {isa = PBXBuildFile; fileRef = B2A1A6CC7253EAB85301900E /* libPods-MLLaunchADView.a */; };
		468243F49D645803B1512C1D /* libPods-UI_PRO.a in Frameworks */ = {isa = PBXBuildFile; fileRef = 81ABC909A1CE031E82A07357 /* libPods-UI_PRO.a */; };
		8A23C68B1D4202B30070C6F0 /* MLLaunchAdView.m in Sources */ = {isa = PBXBuildFile; fileRef = 8A23C68A1D4202B30070C6F0 /* MLLaunchAdView.m */; };
		8A23C68C1D4202B30070C6F0 /* MLLaunchAdView.m in Sources */ = {isa = PBXBuildFile; fileRef = 8A23C68A1D4202B30070C6F0 /* MLLaunchAdView.m */; };
		8A99D31E1D488FE800F2D683 /* BJVideoClassCountDownControl.m in Sources */ = {isa = PBXBuildFile; fileRef = 8A99D31D1D488FE800F2D683 /* BJVideoClassCountDownControl.m */; };
		8A99D31F1D488FE800F2D683 /* BJVideoClassCountDownControl.m in Sources */ = {isa = PBXBuildFile; fileRef = 8A99D31D1D488FE800F2D683 /* BJVideoClassCountDownControl.m */; };
		8A99D3201D488FE800F2D683 /* BJVideoClassCountDownControl.m in Sources */ = {isa = PBXBuildFile; fileRef = 8A99D31D1D488FE800F2D683 /* BJVideoClassCountDownControl.m */; };
		8A99D3211D488FE800F2D683 /* BJVideoClassCountDownControl.m in Sources */ = {isa = PBXBuildFile; fileRef = 8A99D31D1D488FE800F2D683 /* BJVideoClassCountDownControl.m */; };
		8A99D3241D48905400F2D683 /* TimeCardView.m in Sources */ = {isa = PBXBuildFile; fileRef = 8A99D3231D48905400F2D683 /* TimeCardView.m */; };
		8A99D3251D48905400F2D683 /* TimeCardView.m in Sources */ = {isa = PBXBuildFile; fileRef = 8A99D3231D48905400F2D683 /* TimeCardView.m */; };
		8A99D3261D48905400F2D683 /* TimeCardView.m in Sources */ = {isa = PBXBuildFile; fileRef = 8A99D3231D48905400F2D683 /* TimeCardView.m */; };
		8A99D3271D48905400F2D683 /* TimeCardView.m in Sources */ = {isa = PBXBuildFile; fileRef = 8A99D3231D48905400F2D683 /* TimeCardView.m */; };
		8AC224BE1D41BECC002BC2FF /* main.m in Sources */ = {isa = PBXBuildFile; fileRef = 8AC224BD1D41BECC002BC2FF /* main.m */; };
		8AC224C11D41BECC002BC2FF /* AppDelegate.m in Sources */ = {isa = PBXBuildFile; fileRef = 8AC224C01D41BECC002BC2FF /* AppDelegate.m */; };
		8AC224C41D41BECC002BC2FF /* ViewController.m in Sources */ = {isa = PBXBuildFile; fileRef = 8AC224C31D41BECC002BC2FF /* ViewController.m */; };
		8AC224C71D41BECC002BC2FF /* Main.storyboard in Resources */ = {isa = PBXBuildFile; fileRef = 8AC224C51D41BECC002BC2FF /* Main.storyboard */; };
		8AC224C91D41BECC002BC2FF /* Assets.xcassets in Resources */ = {isa = PBXBuildFile; fileRef = 8AC224C81D41BECC002BC2FF /* Assets.xcassets */; };
		8AC224CC1D41BECC002BC2FF /* LaunchScreen.storyboard in Resources */ = {isa = PBXBuildFile; fileRef = 8AC224CA1D41BECC002BC2FF /* LaunchScreen.storyboard */; };
		8AC224F61D41C7C2002BC2FF /* main.m in Sources */ = {isa = PBXBuildFile; fileRef = 8AC224F51D41C7C2002BC2FF /* main.m */; };
		8AC224F91D41C7C2002BC2FF /* AppDelegate.m in Sources */ = {isa = PBXBuildFile; fileRef = 8AC224F81D41C7C2002BC2FF /* AppDelegate.m */; };
		8AC224FC1D41C7C2002BC2FF /* ViewController.m in Sources */ = {isa = PBXBuildFile; fileRef = 8AC224FB1D41C7C2002BC2FF /* ViewController.m */; };
		8AC224FF1D41C7C2002BC2FF /* Main.storyboard in Resources */ = {isa = PBXBuildFile; fileRef = 8AC224FD1D41C7C2002BC2FF /* Main.storyboard */; };
		8AC225011D41C7C2002BC2FF /* Assets.xcassets in Resources */ = {isa = PBXBuildFile; fileRef = 8AC225001D41C7C2002BC2FF /* Assets.xcassets */; };
		8AC225041D41C7C2002BC2FF /* LaunchScreen.storyboard in Resources */ = {isa = PBXBuildFile; fileRef = 8AC225021D41C7C2002BC2FF /* LaunchScreen.storyboard */; };
		8AFF218C1D47385F005D2A5E /* main.m in Sources */ = {isa = PBXBuildFile; fileRef = 8AFF218B1D47385F005D2A5E /* main.m */; };
		8AFF218F1D47385F005D2A5E /* AppDelegate.m in Sources */ = {isa = PBXBuildFile; fileRef = 8AFF218E1D47385F005D2A5E /* AppDelegate.m */; };
		8AFF21921D47385F005D2A5E /* ViewController.m in Sources */ = {isa = PBXBuildFile; fileRef = 8AFF21911D47385F005D2A5E /* ViewController.m */; };
		8AFF21951D47385F005D2A5E /* Main.storyboard in Resources */ = {isa = PBXBuildFile; fileRef = 8AFF21931D47385F005D2A5E /* Main.storyboard */; };
		8AFF21971D47385F005D2A5E /* Assets.xcassets in Resources */ = {isa = PBXBuildFile; fileRef = 8AFF21961D47385F005D2A5E /* Assets.xcassets */; };
		8AFF219A1D47385F005D2A5E /* LaunchScreen.storyboard in Resources */ = {isa = PBXBuildFile; fileRef = 8AFF21981D47385F005D2A5E /* LaunchScreen.storyboard */; };
		8AFF21A21D473887005D2A5E /* MLFloatHelpView.m in Sources */ = {isa = PBXBuildFile; fileRef = 8AFF21A11D473887005D2A5E /* MLFloatHelpView.m */; };
		8AFF21A31D473887005D2A5E /* MLFloatHelpView.m in Sources */ = {isa = PBXBuildFile; fileRef = 8AFF21A11D473887005D2A5E /* MLFloatHelpView.m */; };
		8AFF21A41D473887005D2A5E /* MLFloatHelpView.m in Sources */ = {isa = PBXBuildFile; fileRef = 8AFF21A11D473887005D2A5E /* MLFloatHelpView.m */; };
		8AFF21A71D4738B6005D2A5E /* BJLiveCourseFloatView.m in Sources */ = {isa = PBXBuildFile; fileRef = 8AFF21A61D4738B6005D2A5E /* BJLiveCourseFloatView.m */; };
		8AFF21A81D4738B6005D2A5E /* BJLiveCourseFloatView.m in Sources */ = {isa = PBXBuildFile; fileRef = 8AFF21A61D4738B6005D2A5E /* BJLiveCourseFloatView.m */; };
		8AFF21A91D4738B6005D2A5E /* BJLiveCourseFloatView.m in Sources */ = {isa = PBXBuildFile; fileRef = 8AFF21A61D4738B6005D2A5E /* BJLiveCourseFloatView.m */; };
		8AFF21B21D4769AB005D2A5E /* main.m in Sources */ = {isa = PBXBuildFile; fileRef = 8AFF21B11D4769AB005D2A5E /* main.m */; };
		8AFF21B51D4769AB005D2A5E /* AppDelegate.m in Sources */ = {isa = PBXBuildFile; fileRef = 8AFF21B41D4769AB005D2A5E /* AppDelegate.m */; };
		8AFF21B81D4769AB005D2A5E /* ViewController.m in Sources */ = {isa = PBXBuildFile; fileRef = 8AFF21B71D4769AB005D2A5E /* ViewController.m */; };
		8AFF21BB1D4769AB005D2A5E /* Main.storyboard in Resources */ = {isa = PBXBuildFile; fileRef = 8AFF21B91D4769AB005D2A5E /* Main.storyboard */; };
		8AFF21BD1D4769AB005D2A5E /* Assets.xcassets in Resources */ = {isa = PBXBuildFile; fileRef = 8AFF21BC1D4769AB005D2A5E /* Assets.xcassets */; };
		8AFF21C01D4769AB005D2A5E /* LaunchScreen.storyboard in Resources */ = {isa = PBXBuildFile; fileRef = 8AFF21BE1D4769AB005D2A5E /* LaunchScreen.storyboard */; };
		8AFF21C81D4769E2005D2A5E /* MLCountDownControl.m in Sources */ = {isa = PBXBuildFile; fileRef = 8AFF21C71D4769E2005D2A5E /* MLCountDownControl.m */; };
		8AFF21C91D4769E2005D2A5E /* MLCountDownControl.m in Sources */ = {isa = PBXBuildFile; fileRef = 8AFF21C71D4769E2005D2A5E /* MLCountDownControl.m */; };
		8AFF21CA1D4769E2005D2A5E /* MLCountDownControl.m in Sources */ = {isa = PBXBuildFile; fileRef = 8AFF21C71D4769E2005D2A5E /* MLCountDownControl.m */; };
		8AFF21CB1D4769E2005D2A5E /* MLCountDownControl.m in Sources */ = {isa = PBXBuildFile; fileRef = 8AFF21C71D4769E2005D2A5E /* MLCountDownControl.m */; };
		C29F21EF666011BEAD5D6A11 /* libPods.a in Frameworks */ = {isa = PBXBuildFile; fileRef = FD292CE240579171C352E879 /* libPods.a */; };
/* End PBXBuildFile section */

/* Begin PBXFileReference section */
		4C6AD65F755E7B07C03482F1 /* Pods.release.xcconfig */ = {isa = PBXFileReference; includeInIndex = 1; lastKnownFileType = text.xcconfig; name = Pods.release.xcconfig; path = "Pods/Target Support Files/Pods/Pods.release.xcconfig"; sourceTree = "<group>"; };
		80E02869B2799CE23B4435B6 /* Pods.debug.xcconfig */ = {isa = PBXFileReference; includeInIndex = 1; lastKnownFileType = text.xcconfig; name = Pods.debug.xcconfig; path = "Pods/Target Support Files/Pods/Pods.debug.xcconfig"; sourceTree = "<group>"; };
		81ABC909A1CE031E82A07357 /* libPods-UI_PRO.a */ = {isa = PBXFileReference; explicitFileType = archive.ar; includeInIndex = 0; path = "libPods-UI_PRO.a"; sourceTree = BUILT_PRODUCTS_DIR; };
		869803B84A6255D84285E1B4 /* Pods-MLLaunchADView.debug.xcconfig */ = {isa = PBXFileReference; includeInIndex = 1; lastKnownFileType = text.xcconfig; name = "Pods-MLLaunchADView.debug.xcconfig"; path = "Pods/Target Support Files/Pods-MLLaunchADView/Pods-MLLaunchADView.debug.xcconfig"; sourceTree = "<group>"; };
		8A23C6891D4202B30070C6F0 /* MLLaunchAdView.h */ = {isa = PBXFileReference; fileEncoding = 4; lastKnownFileType = sourcecode.c.h; path = MLLaunchAdView.h; sourceTree = "<group>"; };
		8A23C68A1D4202B30070C6F0 /* MLLaunchAdView.m */ = {isa = PBXFileReference; fileEncoding = 4; lastKnownFileType = sourcecode.c.objc; path = MLLaunchAdView.m; sourceTree = "<group>"; };
		8A99D31C1D488FE800F2D683 /* BJVideoClassCountDownControl.h */ = {isa = PBXFileReference; fileEncoding = 4; lastKnownFileType = sourcecode.c.h; path = BJVideoClassCountDownControl.h; sourceTree = "<group>"; };
		8A99D31D1D488FE800F2D683 /* BJVideoClassCountDownControl.m */ = {isa = PBXFileReference; fileEncoding = 4; lastKnownFileType = sourcecode.c.objc; path = BJVideoClassCountDownControl.m; sourceTree = "<group>"; };
		8A99D3221D48905400F2D683 /* TimeCardView.h */ = {isa = PBXFileReference; fileEncoding = 4; lastKnownFileType = sourcecode.c.h; path = TimeCardView.h; sourceTree = "<group>"; };
		8A99D3231D48905400F2D683 /* TimeCardView.m */ = {isa = PBXFileReference; fileEncoding = 4; lastKnownFileType = sourcecode.c.objc; path = TimeCardView.m; sourceTree = "<group>"; };
		8AC224B91D41BECC002BC2FF /* UI_PRO.app */ = {isa = PBXFileReference; explicitFileType = wrapper.application; includeInIndex = 0; path = UI_PRO.app; sourceTree = BUILT_PRODUCTS_DIR; };
		8AC224BD1D41BECC002BC2FF /* main.m */ = {isa = PBXFileReference; lastKnownFileType = sourcecode.c.objc; path = main.m; sourceTree = "<group>"; };
		8AC224BF1D41BECC002BC2FF /* AppDelegate.h */ = {isa = PBXFileReference; lastKnownFileType = sourcecode.c.h; path = AppDelegate.h; sourceTree = "<group>"; };
		8AC224C01D41BECC002BC2FF /* AppDelegate.m */ = {isa = PBXFileReference; lastKnownFileType = sourcecode.c.objc; path = AppDelegate.m; sourceTree = "<group>"; };
		8AC224C21D41BECC002BC2FF /* ViewController.h */ = {isa = PBXFileReference; lastKnownFileType = sourcecode.c.h; path = ViewController.h; sourceTree = "<group>"; };
		8AC224C31D41BECC002BC2FF /* ViewController.m */ = {isa = PBXFileReference; lastKnownFileType = sourcecode.c.objc; path = ViewController.m; sourceTree = "<group>"; };
		8AC224C61D41BECC002BC2FF /* Base */ = {isa = PBXFileReference; lastKnownFileType = file.storyboard; name = Base; path = Base.lproj/Main.storyboard; sourceTree = "<group>"; };
		8AC224C81D41BECC002BC2FF /* Assets.xcassets */ = {isa = PBXFileReference; lastKnownFileType = folder.assetcatalog; path = Assets.xcassets; sourceTree = "<group>"; };
		8AC224CB1D41BECC002BC2FF /* Base */ = {isa = PBXFileReference; lastKnownFileType = file.storyboard; name = Base; path = Base.lproj/LaunchScreen.storyboard; sourceTree = "<group>"; };
		8AC224CD1D41BECC002BC2FF /* Info.plist */ = {isa = PBXFileReference; lastKnownFileType = text.plist.xml; path = Info.plist; sourceTree = "<group>"; };
		8AC224F21D41C7C2002BC2FF /* MLLaunchADView.app */ = {isa = PBXFileReference; explicitFileType = wrapper.application; includeInIndex = 0; path = MLLaunchADView.app; sourceTree = BUILT_PRODUCTS_DIR; };
		8AC224F51D41C7C2002BC2FF /* main.m */ = {isa = PBXFileReference; lastKnownFileType = sourcecode.c.objc; path = main.m; sourceTree = "<group>"; };
		8AC224F71D41C7C2002BC2FF /* AppDelegate.h */ = {isa = PBXFileReference; lastKnownFileType = sourcecode.c.h; path = AppDelegate.h; sourceTree = "<group>"; };
		8AC224F81D41C7C2002BC2FF /* AppDelegate.m */ = {isa = PBXFileReference; lastKnownFileType = sourcecode.c.objc; path = AppDelegate.m; sourceTree = "<group>"; };
		8AC224FA1D41C7C2002BC2FF /* ViewController.h */ = {isa = PBXFileReference; lastKnownFileType = sourcecode.c.h; path = ViewController.h; sourceTree = "<group>"; };
		8AC224FB1D41C7C2002BC2FF /* ViewController.m */ = {isa = PBXFileReference; lastKnownFileType = sourcecode.c.objc; path = ViewController.m; sourceTree = "<group>"; };
		8AC224FE1D41C7C2002BC2FF /* Base */ = {isa = PBXFileReference; lastKnownFileType = file.storyboard; name = Base; path = Base.lproj/Main.storyboard; sourceTree = "<group>"; };
		8AC225001D41C7C2002BC2FF /* Assets.xcassets */ = {isa = PBXFileReference; lastKnownFileType = folder.assetcatalog; path = Assets.xcassets; sourceTree = "<group>"; };
		8AC225031D41C7C2002BC2FF /* Base */ = {isa = PBXFileReference; lastKnownFileType = file.storyboard; name = Base; path = Base.lproj/LaunchScreen.storyboard; sourceTree = "<group>"; };
		8AC225051D41C7C2002BC2FF /* Info.plist */ = {isa = PBXFileReference; lastKnownFileType = text.plist.xml; path = Info.plist; sourceTree = "<group>"; };
		8AFF21881D47385F005D2A5E /* MLFloatHelpView.app */ = {isa = PBXFileReference; explicitFileType = wrapper.application; includeInIndex = 0; path = MLFloatHelpView.app; sourceTree = BUILT_PRODUCTS_DIR; };
		8AFF218B1D47385F005D2A5E /* main.m */ = {isa = PBXFileReference; lastKnownFileType = sourcecode.c.objc; path = main.m; sourceTree = "<group>"; };
		8AFF218D1D47385F005D2A5E /* AppDelegate.h */ = {isa = PBXFileReference; lastKnownFileType = sourcecode.c.h; path = AppDelegate.h; sourceTree = "<group>"; };
		8AFF218E1D47385F005D2A5E /* AppDelegate.m */ = {isa = PBXFileReference; lastKnownFileType = sourcecode.c.objc; path = AppDelegate.m; sourceTree = "<group>"; };
		8AFF21901D47385F005D2A5E /* ViewController.h */ = {isa = PBXFileReference; lastKnownFileType = sourcecode.c.h; path = ViewController.h; sourceTree = "<group>"; };
		8AFF21911D47385F005D2A5E /* ViewController.m */ = {isa = PBXFileReference; lastKnownFileType = sourcecode.c.objc; path = ViewController.m; sourceTree = "<group>"; };
		8AFF21941D47385F005D2A5E /* Base */ = {isa = PBXFileReference; lastKnownFileType = file.storyboard; name = Base; path = Base.lproj/Main.storyboard; sourceTree = "<group>"; };
		8AFF21961D47385F005D2A5E /* Assets.xcassets */ = {isa = PBXFileReference; lastKnownFileType = folder.assetcatalog; path = Assets.xcassets; sourceTree = "<group>"; };
		8AFF21991D47385F005D2A5E /* Base */ = {isa = PBXFileReference; lastKnownFileType = file.storyboard; name = Base; path = Base.lproj/LaunchScreen.storyboard; sourceTree = "<group>"; };
		8AFF219B1D47385F005D2A5E /* Info.plist */ = {isa = PBXFileReference; lastKnownFileType = text.plist.xml; path = Info.plist; sourceTree = "<group>"; };
		8AFF21A01D473887005D2A5E /* MLFloatHelpView.h */ = {isa = PBXFileReference; fileEncoding = 4; lastKnownFileType = sourcecode.c.h; path = MLFloatHelpView.h; sourceTree = "<group>"; };
		8AFF21A11D473887005D2A5E /* MLFloatHelpView.m */ = {isa = PBXFileReference; fileEncoding = 4; lastKnownFileType = sourcecode.c.objc; path = MLFloatHelpView.m; sourceTree = "<group>"; };
		8AFF21A51D4738B6005D2A5E /* BJLiveCourseFloatView.h */ = {isa = PBXFileReference; fileEncoding = 4; lastKnownFileType = sourcecode.c.h; path = BJLiveCourseFloatView.h; sourceTree = "<group>"; };
		8AFF21A61D4738B6005D2A5E /* BJLiveCourseFloatView.m */ = {isa = PBXFileReference; fileEncoding = 4; lastKnownFileType = sourcecode.c.objc; path = BJLiveCourseFloatView.m; sourceTree = "<group>"; };
		8AFF21AE1D4769AB005D2A5E /* MLCountdownControl.app */ = {isa = PBXFileReference; explicitFileType = wrapper.application; includeInIndex = 0; path = MLCountdownControl.app; sourceTree = BUILT_PRODUCTS_DIR; };
		8AFF21B11D4769AB005D2A5E /* main.m */ = {isa = PBXFileReference; lastKnownFileType = sourcecode.c.objc; path = main.m; sourceTree = "<group>"; };
		8AFF21B31D4769AB005D2A5E /* AppDelegate.h */ = {isa = PBXFileReference; lastKnownFileType = sourcecode.c.h; path = AppDelegate.h; sourceTree = "<group>"; };
		8AFF21B41D4769AB005D2A5E /* AppDelegate.m */ = {isa = PBXFileReference; lastKnownFileType = sourcecode.c.objc; path = AppDelegate.m; sourceTree = "<group>"; };
		8AFF21B61D4769AB005D2A5E /* ViewController.h */ = {isa = PBXFileReference; lastKnownFileType = sourcecode.c.h; path = ViewController.h; sourceTree = "<group>"; };
		8AFF21B71D4769AB005D2A5E /* ViewController.m */ = {isa = PBXFileReference; lastKnownFileType = sourcecode.c.objc; path = ViewController.m; sourceTree = "<group>"; };
		8AFF21BA1D4769AB005D2A5E /* Base */ = {isa = PBXFileReference; lastKnownFileType = file.storyboard; name = Base; path = Base.lproj/Main.storyboard; sourceTree = "<group>"; };
		8AFF21BC1D4769AB005D2A5E /* Assets.xcassets */ = {isa = PBXFileReference; lastKnownFileType = folder.assetcatalog; path = Assets.xcassets; sourceTree = "<group>"; };
		8AFF21BF1D4769AB005D2A5E /* Base */ = {isa = PBXFileReference; lastKnownFileType = file.storyboard; name = Base; path = Base.lproj/LaunchScreen.storyboard; sourceTree = "<group>"; };
		8AFF21C11D4769AB005D2A5E /* Info.plist */ = {isa = PBXFileReference; lastKnownFileType = text.plist.xml; path = Info.plist; sourceTree = "<group>"; };
		8AFF21C61D4769E2005D2A5E /* MLCountDownControl.h */ = {isa = PBXFileReference; fileEncoding = 4; lastKnownFileType = sourcecode.c.h; path = MLCountDownControl.h; sourceTree = "<group>"; };
		8AFF21C71D4769E2005D2A5E /* MLCountDownControl.m */ = {isa = PBXFileReference; fileEncoding = 4; lastKnownFileType = sourcecode.c.objc; path = MLCountDownControl.m; sourceTree = "<group>"; };
		B13AC0A47E6CD0C812C1C5D1 /* Pods-MLLaunchADView.release.xcconfig */ = {isa = PBXFileReference; includeInIndex = 1; lastKnownFileType = text.xcconfig; name = "Pods-MLLaunchADView.release.xcconfig"; path = "Pods/Target Support Files/Pods-MLLaunchADView/Pods-MLLaunchADView.release.xcconfig"; sourceTree = "<group>"; };
		B2A1A6CC7253EAB85301900E /* libPods-MLLaunchADView.a */ = {isa = PBXFileReference; explicitFileType = archive.ar; includeInIndex = 0; path = "libPods-MLLaunchADView.a"; sourceTree = BUILT_PRODUCTS_DIR; };
		FD292CE240579171C352E879 /* libPods.a */ = {isa = PBXFileReference; explicitFileType = archive.ar; includeInIndex = 0; path = libPods.a; sourceTree = BUILT_PRODUCTS_DIR; };
/* End PBXFileReference section */

/* Begin PBXFrameworksBuildPhase section */
		8AC224B61D41BECC002BC2FF /* Frameworks */ = {
			isa = PBXFrameworksBuildPhase;
			buildActionMask = 2147483647;
			files = (
				C29F21EF666011BEAD5D6A11 /* libPods.a in Frameworks */,
				468243F49D645803B1512C1D /* libPods-UI_PRO.a in Frameworks */,
			);
			runOnlyForDeploymentPostprocessing = 0;
		};
		8AC224EF1D41C7C2002BC2FF /* Frameworks */ = {
			isa = PBXFrameworksBuildPhase;
			buildActionMask = 2147483647;
			files = (
				06771BBD0C28259135162E3D /* libPods-MLLaunchADView.a in Frameworks */,
			);
			runOnlyForDeploymentPostprocessing = 0;
		};
		8AFF21851D47385F005D2A5E /* Frameworks */ = {
			isa = PBXFrameworksBuildPhase;
			buildActionMask = 2147483647;
			files = (
			);
			runOnlyForDeploymentPostprocessing = 0;
		};
		8AFF21AB1D4769AB005D2A5E /* Frameworks */ = {
			isa = PBXFrameworksBuildPhase;
			buildActionMask = 2147483647;
			files = (
			);
			runOnlyForDeploymentPostprocessing = 0;
		};
/* End PBXFrameworksBuildPhase section */

/* Begin PBXGroup section */
		3838E02CD78060D13D77301D /* Frameworks */ = {
			isa = PBXGroup;
			children = (
				B2A1A6CC7253EAB85301900E /* libPods-MLLaunchADView.a */,
				FD292CE240579171C352E879 /* libPods.a */,
				81ABC909A1CE031E82A07357 /* libPods-UI_PRO.a */,
			);
			name = Frameworks;
			sourceTree = "<group>";
		};
		89D8EE35A262231B33971BDA /* Pods */ = {
			isa = PBXGroup;
			children = (
				869803B84A6255D84285E1B4 /* Pods-MLLaunchADView.debug.xcconfig */,
				B13AC0A47E6CD0C812C1C5D1 /* Pods-MLLaunchADView.release.xcconfig */,
				80E02869B2799CE23B4435B6 /* Pods.debug.xcconfig */,
				4C6AD65F755E7B07C03482F1 /* Pods.release.xcconfig */,
			);
			name = Pods;
			sourceTree = "<group>";
		};
		8A23C6881D4202B30070C6F0 /* MLLaunchAdView */ = {
			isa = PBXGroup;
			children = (
				8A23C6891D4202B30070C6F0 /* MLLaunchAdView.h */,
				8A23C68A1D4202B30070C6F0 /* MLLaunchAdView.m */,
			);
			path = MLLaunchAdView;
			sourceTree = "<group>";
		};
		8AC224B01D41BECC002BC2FF = {
			isa = PBXGroup;
			children = (
				8AC224BB1D41BECC002BC2FF /* UI_PRO */,
				8AC224F31D41C7C2002BC2FF /* MLLaunchADView */,
				8AFF21891D47385F005D2A5E /* MLFloatHelpView */,
				8AFF21AF1D4769AB005D2A5E /* MLCountdownControl */,
				8AC224BA1D41BECC002BC2FF /* Products */,
				89D8EE35A262231B33971BDA /* Pods */,
				3838E02CD78060D13D77301D /* Frameworks */,
			);
			sourceTree = "<group>";
		};
		8AC224BA1D41BECC002BC2FF /* Products */ = {
			isa = PBXGroup;
			children = (
				8AC224B91D41BECC002BC2FF /* UI_PRO.app */,
				8AC224F21D41C7C2002BC2FF /* MLLaunchADView.app */,
				8AFF21881D47385F005D2A5E /* MLFloatHelpView.app */,
				8AFF21AE1D4769AB005D2A5E /* MLCountdownControl.app */,
			);
			name = Products;
			sourceTree = "<group>";
		};
		8AC224BB1D41BECC002BC2FF /* UI_PRO */ = {
			isa = PBXGroup;
			children = (
				8AC224BF1D41BECC002BC2FF /* AppDelegate.h */,
				8AC224C01D41BECC002BC2FF /* AppDelegate.m */,
				8AC224C21D41BECC002BC2FF /* ViewController.h */,
				8AC224C31D41BECC002BC2FF /* ViewController.m */,
				8AC224C51D41BECC002BC2FF /* Main.storyboard */,
				8AC224C81D41BECC002BC2FF /* Assets.xcassets */,
				8AC224CA1D41BECC002BC2FF /* LaunchScreen.storyboard */,
				8AC224CD1D41BECC002BC2FF /* Info.plist */,
				8AC224BC1D41BECC002BC2FF /* Supporting Files */,
			);
			path = UI_PRO;
			sourceTree = "<group>";
		};
		8AC224BC1D41BECC002BC2FF /* Supporting Files */ = {
			isa = PBXGroup;
			children = (
				8AC224BD1D41BECC002BC2FF /* main.m */,
			);
			name = "Supporting Files";
			sourceTree = "<group>";
		};
		8AC224F31D41C7C2002BC2FF /* MLLaunchADView */ = {
			isa = PBXGroup;
			children = (
				8A23C6881D4202B30070C6F0 /* MLLaunchAdView */,
				8AC224F71D41C7C2002BC2FF /* AppDelegate.h */,
				8AC224F81D41C7C2002BC2FF /* AppDelegate.m */,
				8AC224FA1D41C7C2002BC2FF /* ViewController.h */,
				8AC224FB1D41C7C2002BC2FF /* ViewController.m */,
				8AC224FD1D41C7C2002BC2FF /* Main.storyboard */,
				8AC225001D41C7C2002BC2FF /* Assets.xcassets */,
				8AC225021D41C7C2002BC2FF /* LaunchScreen.storyboard */,
				8AC225051D41C7C2002BC2FF /* Info.plist */,
				8AC224F41D41C7C2002BC2FF /* Supporting Files */,
			);
			path = MLLaunchADView;
			sourceTree = "<group>";
		};
		8AC224F41D41C7C2002BC2FF /* Supporting Files */ = {
			isa = PBXGroup;
			children = (
				8AC224F51D41C7C2002BC2FF /* main.m */,
			);
			name = "Supporting Files";
			sourceTree = "<group>";
		};
		8AFF21891D47385F005D2A5E /* MLFloatHelpView */ = {
			isa = PBXGroup;
			children = (
				8AFF21A51D4738B6005D2A5E /* BJLiveCourseFloatView.h */,
				8AFF21A61D4738B6005D2A5E /* BJLiveCourseFloatView.m */,
				8AFF219F1D473887005D2A5E /* MLFloatHelpView */,
				8AFF218D1D47385F005D2A5E /* AppDelegate.h */,
				8AFF218E1D47385F005D2A5E /* AppDelegate.m */,
				8AFF21901D47385F005D2A5E /* ViewController.h */,
				8AFF21911D47385F005D2A5E /* ViewController.m */,
				8AFF21931D47385F005D2A5E /* Main.storyboard */,
				8AFF21961D47385F005D2A5E /* Assets.xcassets */,
				8AFF21981D47385F005D2A5E /* LaunchScreen.storyboard */,
				8AFF219B1D47385F005D2A5E /* Info.plist */,
				8AFF218A1D47385F005D2A5E /* Supporting Files */,
			);
			path = MLFloatHelpView;
			sourceTree = "<group>";
		};
		8AFF218A1D47385F005D2A5E /* Supporting Files */ = {
			isa = PBXGroup;
			children = (
				8AFF218B1D47385F005D2A5E /* main.m */,
			);
			name = "Supporting Files";
			sourceTree = "<group>";
		};
		8AFF219F1D473887005D2A5E /* MLFloatHelpView */ = {
			isa = PBXGroup;
			children = (
				8AFF21A01D473887005D2A5E /* MLFloatHelpView.h */,
				8AFF21A11D473887005D2A5E /* MLFloatHelpView.m */,
			);
			path = MLFloatHelpView;
			sourceTree = "<group>";
		};
		8AFF21AF1D4769AB005D2A5E /* MLCountdownControl */ = {
			isa = PBXGroup;
			children = (
				8AFF21C51D4769E2005D2A5E /* MLCountdownControl */,
				8A99D31C1D488FE800F2D683 /* BJVideoClassCountDownControl.h */,
				8A99D31D1D488FE800F2D683 /* BJVideoClassCountDownControl.m */,
				8AFF21B31D4769AB005D2A5E /* AppDelegate.h */,
				8AFF21B41D4769AB005D2A5E /* AppDelegate.m */,
				8AFF21B61D4769AB005D2A5E /* ViewController.h */,
				8AFF21B71D4769AB005D2A5E /* ViewController.m */,
				8AFF21B91D4769AB005D2A5E /* Main.storyboard */,
				8AFF21BC1D4769AB005D2A5E /* Assets.xcassets */,
				8AFF21BE1D4769AB005D2A5E /* LaunchScreen.storyboard */,
				8AFF21C11D4769AB005D2A5E /* Info.plist */,
				8AFF21B01D4769AB005D2A5E /* Supporting Files */,
			);
			path = MLCountdownControl;
			sourceTree = "<group>";
		};
		8AFF21B01D4769AB005D2A5E /* Supporting Files */ = {
			isa = PBXGroup;
			children = (
				8AFF21B11D4769AB005D2A5E /* main.m */,
			);
			name = "Supporting Files";
			sourceTree = "<group>";
		};
		8AFF21C51D4769E2005D2A5E /* MLCountdownControl */ = {
			isa = PBXGroup;
			children = (
				8AFF21C61D4769E2005D2A5E /* MLCountDownControl.h */,
				8AFF21C71D4769E2005D2A5E /* MLCountDownControl.m */,
				8A99D3221D48905400F2D683 /* TimeCardView.h */,
				8A99D3231D48905400F2D683 /* TimeCardView.m */,
			);
			path = MLCountdownControl;
			sourceTree = "<group>";
		};
/* End PBXGroup section */

/* Begin PBXNativeTarget section */
		8AC224B81D41BECC002BC2FF /* UI_PRO */ = {
			isa = PBXNativeTarget;
			buildConfigurationList = 8AC224D01D41BECC002BC2FF /* Build configuration list for PBXNativeTarget "UI_PRO" */;
			buildPhases = (
				A88EAA86FEBACEAE724FA71E /* Check Pods Manifest.lock */,
				8AC224B51D41BECC002BC2FF /* Sources */,
				8AC224B61D41BECC002BC2FF /* Frameworks */,
				8AC224B71D41BECC002BC2FF /* Resources */,
				39339B678DA0E25B62DA681D /* Embed Pods Frameworks */,
				3ECBC314CA5BCF846940FE24 /* Copy Pods Resources */,
			);
			buildRules = (
			);
			dependencies = (
			);
			name = UI_PRO;
			productName = UI_PRO;
			productReference = 8AC224B91D41BECC002BC2FF /* UI_PRO.app */;
			productType = "com.apple.product-type.application";
		};
		8AC224F11D41C7C2002BC2FF /* MLLaunchADView */ = {
			isa = PBXNativeTarget;
			buildConfigurationList = 8AC225061D41C7C2002BC2FF /* Build configuration list for PBXNativeTarget "MLLaunchADView" */;
			buildPhases = (
				F3F4CC74C94FABB42D881E16 /* Check Pods Manifest.lock */,
				8AC224EE1D41C7C2002BC2FF /* Sources */,
				8AC224EF1D41C7C2002BC2FF /* Frameworks */,
				8AC224F01D41C7C2002BC2FF /* Resources */,
				01C3F46105245F1768B0084A /* Embed Pods Frameworks */,
				478438270D3E2585932C27C4 /* Copy Pods Resources */,
			);
			buildRules = (
			);
			dependencies = (
			);
			name = MLLaunchADView;
			productName = MLLaunchADView;
			productReference = 8AC224F21D41C7C2002BC2FF /* MLLaunchADView.app */;
			productType = "com.apple.product-type.application";
		};
		8AFF21871D47385F005D2A5E /* MLFloatHelpView */ = {
			isa = PBXNativeTarget;
			buildConfigurationList = 8AFF219C1D47385F005D2A5E /* Build configuration list for PBXNativeTarget "MLFloatHelpView" */;
			buildPhases = (
				8AFF21841D47385F005D2A5E /* Sources */,
				8AFF21851D47385F005D2A5E /* Frameworks */,
				8AFF21861D47385F005D2A5E /* Resources */,
			);
			buildRules = (
			);
			dependencies = (
			);
			name = MLFloatHelpView;
			productName = MLFloatHelpView;
			productReference = 8AFF21881D47385F005D2A5E /* MLFloatHelpView.app */;
			productType = "com.apple.product-type.application";
		};
		8AFF21AD1D4769AB005D2A5E /* MLCountdownControl */ = {
			isa = PBXNativeTarget;
			buildConfigurationList = 8AFF21C21D4769AB005D2A5E /* Build configuration list for PBXNativeTarget "MLCountdownControl" */;
			buildPhases = (
				8AFF21AA1D4769AB005D2A5E /* Sources */,
				8AFF21AB1D4769AB005D2A5E /* Frameworks */,
				8AFF21AC1D4769AB005D2A5E /* Resources */,
			);
			buildRules = (
			);
			dependencies = (
			);
			name = MLCountdownControl;
			productName = MLCountdownControl;
			productReference = 8AFF21AE1D4769AB005D2A5E /* MLCountdownControl.app */;
			productType = "com.apple.product-type.application";
		};
/* End PBXNativeTarget section */

/* Begin PBXProject section */
		8AC224B11D41BECC002BC2FF /* Project object */ = {
			isa = PBXProject;
			attributes = {
				LastUpgradeCheck = 0730;
				ORGANIZATIONNAME = Mrlu;
				TargetAttributes = {
					8AC224B81D41BECC002BC2FF = {
						CreatedOnToolsVersion = 7.3.1;
					};
					8AC224F11D41C7C2002BC2FF = {
						CreatedOnToolsVersion = 7.3.1;
					};
					8AFF21871D47385F005D2A5E = {
						CreatedOnToolsVersion = 7.3.1;
					};
					8AFF21AD1D4769AB005D2A5E = {
						CreatedOnToolsVersion = 7.3.1;
					};
				};
			};
			buildConfigurationList = 8AC224B41D41BECC002BC2FF /* Build configuration list for PBXProject "UI_PRO" */;
			compatibilityVersion = "Xcode 3.2";
			developmentRegion = English;
			hasScannedForEncodings = 0;
			knownRegions = (
				en,
				Base,
			);
			mainGroup = 8AC224B01D41BECC002BC2FF;
			productRefGroup = 8AC224BA1D41BECC002BC2FF /* Products */;
			projectDirPath = "";
			projectRoot = "";
			targets = (
				8AC224B81D41BECC002BC2FF /* UI_PRO */,
				8AC224F11D41C7C2002BC2FF /* MLLaunchADView */,
				8AFF21871D47385F005D2A5E /* MLFloatHelpView */,
				8AFF21AD1D4769AB005D2A5E /* MLCountdownControl */,
			);
		};
/* End PBXProject section */

/* Begin PBXResourcesBuildPhase section */
		8AC224B71D41BECC002BC2FF /* Resources */ = {
			isa = PBXResourcesBuildPhase;
			buildActionMask = 2147483647;
			files = (
				8AC224CC1D41BECC002BC2FF /* LaunchScreen.storyboard in Resources */,
				8AC224C91D41BECC002BC2FF /* Assets.xcassets in Resources */,
				8AC224C71D41BECC002BC2FF /* Main.storyboard in Resources */,
			);
			runOnlyForDeploymentPostprocessing = 0;
		};
		8AC224F01D41C7C2002BC2FF /* Resources */ = {
			isa = PBXResourcesBuildPhase;
			buildActionMask = 2147483647;
			files = (
				8AC225041D41C7C2002BC2FF /* LaunchScreen.storyboard in Resources */,
				8AC225011D41C7C2002BC2FF /* Assets.xcassets in Resources */,
				8AC224FF1D41C7C2002BC2FF /* Main.storyboard in Resources */,
			);
			runOnlyForDeploymentPostprocessing = 0;
		};
		8AFF21861D47385F005D2A5E /* Resources */ = {
			isa = PBXResourcesBuildPhase;
			buildActionMask = 2147483647;
			files = (
				8AFF219A1D47385F005D2A5E /* LaunchScreen.storyboard in Resources */,
				8AFF21971D47385F005D2A5E /* Assets.xcassets in Resources */,
				8AFF21951D47385F005D2A5E /* Main.storyboard in Resources */,
			);
			runOnlyForDeploymentPostprocessing = 0;
		};
		8AFF21AC1D4769AB005D2A5E /* Resources */ = {
			isa = PBXResourcesBuildPhase;
			buildActionMask = 2147483647;
			files = (
				8AFF21C01D4769AB005D2A5E /* LaunchScreen.storyboard in Resources */,
				8AFF21BD1D4769AB005D2A5E /* Assets.xcassets in Resources */,
				8AFF21BB1D4769AB005D2A5E /* Main.storyboard in Resources */,
			);
			runOnlyForDeploymentPostprocessing = 0;
		};
/* End PBXResourcesBuildPhase section */

/* Begin PBXShellScriptBuildPhase section */
		01C3F46105245F1768B0084A /* Embed Pods Frameworks */ = {
			isa = PBXShellScriptBuildPhase;
			buildActionMask = 2147483647;
			files = (
			);
			inputPaths = (
			);
			name = "Embed Pods Frameworks";
			outputPaths = (
			);
			runOnlyForDeploymentPostprocessing = 0;
			shellPath = /bin/sh;
			shellScript = "\"${SRCROOT}/Pods/Target Support Files/Pods-MLLaunchADView/Pods-MLLaunchADView-frameworks.sh\"\n";
			showEnvVarsInLog = 0;
		};
		39339B678DA0E25B62DA681D /* Embed Pods Frameworks */ = {
			isa = PBXShellScriptBuildPhase;
			buildActionMask = 2147483647;
			files = (
			);
			inputPaths = (
			);
			name = "Embed Pods Frameworks";
			outputPaths = (
			);
			runOnlyForDeploymentPostprocessing = 0;
			shellPath = /bin/sh;
			shellScript = "\"${SRCROOT}/Pods/Target Support Files/Pods-UI_PRO/Pods-UI_PRO-frameworks.sh\"\n";
			showEnvVarsInLog = 0;
		};
		3ECBC314CA5BCF846940FE24 /* Copy Pods Resources */ = {
			isa = PBXShellScriptBuildPhase;
			buildActionMask = 2147483647;
			files = (
			);
			inputPaths = (
			);
			name = "Copy Pods Resources";
			outputPaths = (
			);
			runOnlyForDeploymentPostprocessing = 0;
			shellPath = /bin/sh;
			shellScript = "\"${SRCROOT}/Pods/Target Support Files/Pods-UI_PRO/Pods-UI_PRO-resources.sh\"\n";
			showEnvVarsInLog = 0;
		};
		478438270D3E2585932C27C4 /* Copy Pods Resources */ = {
			isa = PBXShellScriptBuildPhase;
			buildActionMask = 2147483647;
			files = (
			);
			inputPaths = (
			);
			name = "Copy Pods Resources";
			outputPaths = (
			);
			runOnlyForDeploymentPostprocessing = 0;
			shellPath = /bin/sh;
			shellScript = "\"${SRCROOT}/Pods/Target Support Files/Pods-MLLaunchADView/Pods-MLLaunchADView-resources.sh\"\n";
			showEnvVarsInLog = 0;
		};
		A88EAA86FEBACEAE724FA71E /* Check Pods Manifest.lock */ = {
			isa = PBXShellScriptBuildPhase;
			buildActionMask = 2147483647;
			files = (
			);
			inputPaths = (
			);
			name = "Check Pods Manifest.lock";
			outputPaths = (
			);
			runOnlyForDeploymentPostprocessing = 0;
			shellPath = /bin/sh;
			shellScript = "diff \"${PODS_ROOT}/../Podfile.lock\" \"${PODS_ROOT}/Manifest.lock\" > /dev/null\nif [[ $? != 0 ]] ; then\n    cat << EOM\nerror: The sandbox is not in sync with the Podfile.lock. Run 'pod install' or update your CocoaPods installation.\nEOM\n    exit 1\nfi\n";
			showEnvVarsInLog = 0;
		};
		F3F4CC74C94FABB42D881E16 /* Check Pods Manifest.lock */ = {
			isa = PBXShellScriptBuildPhase;
			buildActionMask = 2147483647;
			files = (
			);
			inputPaths = (
			);
			name = "Check Pods Manifest.lock";
			outputPaths = (
			);
			runOnlyForDeploymentPostprocessing = 0;
			shellPath = /bin/sh;
			shellScript = "diff \"${PODS_ROOT}/../Podfile.lock\" \"${PODS_ROOT}/Manifest.lock\" > /dev/null\nif [[ $? != 0 ]] ; then\n    cat << EOM\nerror: The sandbox is not in sync with the Podfile.lock. Run 'pod install' or update your CocoaPods installation.\nEOM\n    exit 1\nfi\n";
			showEnvVarsInLog = 0;
		};
/* End PBXShellScriptBuildPhase section */

/* Begin PBXSourcesBuildPhase section */
		8AC224B51D41BECC002BC2FF /* Sources */ = {
			isa = PBXSourcesBuildPhase;
			buildActionMask = 2147483647;
			files = (
				8AFF21A21D473887005D2A5E /* MLFloatHelpView.m in Sources */,
				8AC224C41D41BECC002BC2FF /* ViewController.m in Sources */,
				8AFF21A71D4738B6005D2A5E /* BJLiveCourseFloatView.m in Sources */,
				8AFF21C81D4769E2005D2A5E /* MLCountDownControl.m in Sources */,
				8A99D3241D48905400F2D683 /* TimeCardView.m in Sources */,
				8A99D31E1D488FE800F2D683 /* BJVideoClassCountDownControl.m in Sources */,
				8AC224C11D41BECC002BC2FF /* AppDelegate.m in Sources */,
				8AC224BE1D41BECC002BC2FF /* main.m in Sources */,
				8A23C68B1D4202B30070C6F0 /* MLLaunchAdView.m in Sources */,
			);
			runOnlyForDeploymentPostprocessing = 0;
		};
		8AC224EE1D41C7C2002BC2FF /* Sources */ = {
			isa = PBXSourcesBuildPhase;
			buildActionMask = 2147483647;
			files = (
				8AFF21A31D473887005D2A5E /* MLFloatHelpView.m in Sources */,
				8AC224FC1D41C7C2002BC2FF /* ViewController.m in Sources */,
				8AFF21A81D4738B6005D2A5E /* BJLiveCourseFloatView.m in Sources */,
				8AFF21C91D4769E2005D2A5E /* MLCountDownControl.m in Sources */,
				8A99D3251D48905400F2D683 /* TimeCardView.m in Sources */,
				8A99D31F1D488FE800F2D683 /* BJVideoClassCountDownControl.m in Sources */,
				8AC224F91D41C7C2002BC2FF /* AppDelegate.m in Sources */,
				8AC224F61D41C7C2002BC2FF /* main.m in Sources */,
				8A23C68C1D4202B30070C6F0 /* MLLaunchAdView.m in Sources */,
			);
			runOnlyForDeploymentPostprocessing = 0;
		};
		8AFF21841D47385F005D2A5E /* Sources */ = {
			isa = PBXSourcesBuildPhase;
			buildActionMask = 2147483647;
			files = (
				8AFF21921D47385F005D2A5E /* ViewController.m in Sources */,
				8AFF21CA1D4769E2005D2A5E /* MLCountDownControl.m in Sources */,
				8AFF218F1D47385F005D2A5E /* AppDelegate.m in Sources */,
				8AFF21A91D4738B6005D2A5E /* BJLiveCourseFloatView.m in Sources */,
				8AFF21A41D473887005D2A5E /* MLFloatHelpView.m in Sources */,
				8A99D3261D48905400F2D683 /* TimeCardView.m in Sources */,
				8AFF218C1D47385F005D2A5E /* main.m in Sources */,
				8A99D3201D488FE800F2D683 /* BJVideoClassCountDownControl.m in Sources */,
			);
			runOnlyForDeploymentPostprocessing = 0;
		};
		8AFF21AA1D4769AB005D2A5E /* Sources */ = {
			isa = PBXSourcesBuildPhase;
			buildActionMask = 2147483647;
			files = (
				8AFF21B81D4769AB005D2A5E /* ViewController.m in Sources */,
				8A99D3271D48905400F2D683 /* TimeCardView.m in Sources */,
				8AFF21CB1D4769E2005D2A5E /* MLCountDownControl.m in Sources */,
				8AFF21B51D4769AB005D2A5E /* AppDelegate.m in Sources */,
				8AFF21B21D4769AB005D2A5E /* main.m in Sources */,
				8A99D3211D488FE800F2D683 /* BJVideoClassCountDownControl.m in Sources */,
			);
			runOnlyForDeploymentPostprocessing = 0;
		};
/* End PBXSourcesBuildPhase section */

/* Begin PBXVariantGroup section */
		8AC224C51D41BECC002BC2FF /* Main.storyboard */ = {
			isa = PBXVariantGroup;
			children = (
				8AC224C61D41BECC002BC2FF /* Base */,
			);
			name = Main.storyboard;
			sourceTree = "<group>";
		};
		8AC224CA1D41BECC002BC2FF /* LaunchScreen.storyboard */ = {
			isa = PBXVariantGroup;
			children = (
				8AC224CB1D41BECC002BC2FF /* Base */,
			);
			name = LaunchScreen.storyboard;
			sourceTree = "<group>";
		};
		8AC224FD1D41C7C2002BC2FF /* Main.storyboard */ = {
			isa = PBXVariantGroup;
			children = (
				8AC224FE1D41C7C2002BC2FF /* Base */,
			);
			name = Main.storyboard;
			sourceTree = "<group>";
		};
		8AC225021D41C7C2002BC2FF /* LaunchScreen.storyboard */ = {
			isa = PBXVariantGroup;
			children = (
				8AC225031D41C7C2002BC2FF /* Base */,
			);
			name = LaunchScreen.storyboard;
			sourceTree = "<group>";
		};
		8AFF21931D47385F005D2A5E /* Main.storyboard */ = {
			isa = PBXVariantGroup;
			children = (
				8AFF21941D47385F005D2A5E /* Base */,
			);
			name = Main.storyboard;
			sourceTree = "<group>";
		};
		8AFF21981D47385F005D2A5E /* LaunchScreen.storyboard */ = {
			isa = PBXVariantGroup;
			children = (
				8AFF21991D47385F005D2A5E /* Base */,
			);
			name = LaunchScreen.storyboard;
			sourceTree = "<group>";
		};
		8AFF21B91D4769AB005D2A5E /* Main.storyboard */ = {
			isa = PBXVariantGroup;
			children = (
				8AFF21BA1D4769AB005D2A5E /* Base */,
			);
			name = Main.storyboard;
			sourceTree = "<group>";
		};
		8AFF21BE1D4769AB005D2A5E /* LaunchScreen.storyboard */ = {
			isa = PBXVariantGroup;
			children = (
				8AFF21BF1D4769AB005D2A5E /* Base */,
			);
			name = LaunchScreen.storyboard;
			sourceTree = "<group>";
		};
/* End PBXVariantGroup section */

/* Begin XCBuildConfiguration section */
		8AC224CE1D41BECC002BC2FF /* Debug */ = {
			isa = XCBuildConfiguration;
			buildSettings = {
				ALWAYS_SEARCH_USER_PATHS = NO;
				CLANG_ANALYZER_NONNULL = YES;
				CLANG_CXX_LANGUAGE_STANDARD = "gnu++0x";
				CLANG_CXX_LIBRARY = "libc++";
				CLANG_ENABLE_MODULES = YES;
				CLANG_ENABLE_OBJC_ARC = YES;
				CLANG_WARN_BOOL_CONVERSION = YES;
				CLANG_WARN_CONSTANT_CONVERSION = YES;
				CLANG_WARN_DIRECT_OBJC_ISA_USAGE = YES_ERROR;
				CLANG_WARN_EMPTY_BODY = YES;
				CLANG_WARN_ENUM_CONVERSION = YES;
				CLANG_WARN_INT_CONVERSION = YES;
				CLANG_WARN_OBJC_ROOT_CLASS = YES_ERROR;
				CLANG_WARN_UNREACHABLE_CODE = YES;
				CLANG_WARN__DUPLICATE_METHOD_MATCH = YES;
				"CODE_SIGN_IDENTITY[sdk=iphoneos*]" = "iPhone Developer";
				COPY_PHASE_STRIP = NO;
				DEBUG_INFORMATION_FORMAT = dwarf;
				ENABLE_STRICT_OBJC_MSGSEND = YES;
				ENABLE_TESTABILITY = YES;
				GCC_C_LANGUAGE_STANDARD = gnu99;
				GCC_DYNAMIC_NO_PIC = NO;
				GCC_NO_COMMON_BLOCKS = YES;
				GCC_OPTIMIZATION_LEVEL = 0;
				GCC_PREPROCESSOR_DEFINITIONS = (
					"DEBUG=1",
					"$(inherited)",
				);
				GCC_WARN_64_TO_32_BIT_CONVERSION = YES;
				GCC_WARN_ABOUT_RETURN_TYPE = YES_ERROR;
				GCC_WARN_UNDECLARED_SELECTOR = YES;
				GCC_WARN_UNINITIALIZED_AUTOS = YES_AGGRESSIVE;
				GCC_WARN_UNUSED_FUNCTION = YES;
				GCC_WARN_UNUSED_VARIABLE = YES;
				IPHONEOS_DEPLOYMENT_TARGET = 9.3;
				MTL_ENABLE_DEBUG_INFO = YES;
				ONLY_ACTIVE_ARCH = YES;
				SDKROOT = iphoneos;
			};
			name = Debug;
		};
		8AC224CF1D41BECC002BC2FF /* Release */ = {
			isa = XCBuildConfiguration;
			buildSettings = {
				ALWAYS_SEARCH_USER_PATHS = NO;
				CLANG_ANALYZER_NONNULL = YES;
				CLANG_CXX_LANGUAGE_STANDARD = "gnu++0x";
				CLANG_CXX_LIBRARY = "libc++";
				CLANG_ENABLE_MODULES = YES;
				CLANG_ENABLE_OBJC_ARC = YES;
				CLANG_WARN_BOOL_CONVERSION = YES;
				CLANG_WARN_CONSTANT_CONVERSION = YES;
				CLANG_WARN_DIRECT_OBJC_ISA_USAGE = YES_ERROR;
				CLANG_WARN_EMPTY_BODY = YES;
				CLANG_WARN_ENUM_CONVERSION = YES;
				CLANG_WARN_INT_CONVERSION = YES;
				CLANG_WARN_OBJC_ROOT_CLASS = YES_ERROR;
				CLANG_WARN_UNREACHABLE_CODE = YES;
				CLANG_WARN__DUPLICATE_METHOD_MATCH = YES;
				"CODE_SIGN_IDENTITY[sdk=iphoneos*]" = "iPhone Developer";
				COPY_PHASE_STRIP = NO;
				DEBUG_INFORMATION_FORMAT = "dwarf-with-dsym";
				ENABLE_NS_ASSERTIONS = NO;
				ENABLE_STRICT_OBJC_MSGSEND = YES;
				GCC_C_LANGUAGE_STANDARD = gnu99;
				GCC_NO_COMMON_BLOCKS = YES;
				GCC_WARN_64_TO_32_BIT_CONVERSION = YES;
				GCC_WARN_ABOUT_RETURN_TYPE = YES_ERROR;
				GCC_WARN_UNDECLARED_SELECTOR = YES;
				GCC_WARN_UNINITIALIZED_AUTOS = YES_AGGRESSIVE;
				GCC_WARN_UNUSED_FUNCTION = YES;
				GCC_WARN_UNUSED_VARIABLE = YES;
				IPHONEOS_DEPLOYMENT_TARGET = 9.3;
				MTL_ENABLE_DEBUG_INFO = NO;
				SDKROOT = iphoneos;
				VALIDATE_PRODUCT = YES;
			};
			name = Release;
		};
		8AC224D11D41BECC002BC2FF /* Debug */ = {
			isa = XCBuildConfiguration;
			baseConfigurationReference = 80E02869B2799CE23B4435B6 /* Pods.debug.xcconfig */;
			buildSettings = {
				ASSETCATALOG_COMPILER_APPICON_NAME = AppIcon;
				INFOPLIST_FILE = UI_PRO/Info.plist;
				LD_RUNPATH_SEARCH_PATHS = "$(inherited) @executable_path/Frameworks";
				PRODUCT_BUNDLE_IDENTIFIER = "Mrlu.UI-PRO";
				PRODUCT_NAME = "$(TARGET_NAME)";
			};
			name = Debug;
		};
		8AC224D21D41BECC002BC2FF /* Release */ = {
			isa = XCBuildConfiguration;
			baseConfigurationReference = 4C6AD65F755E7B07C03482F1 /* Pods.release.xcconfig */;
			buildSettings = {
				ASSETCATALOG_COMPILER_APPICON_NAME = AppIcon;
				INFOPLIST_FILE = UI_PRO/Info.plist;
				LD_RUNPATH_SEARCH_PATHS = "$(inherited) @executable_path/Frameworks";
				PRODUCT_BUNDLE_IDENTIFIER = "Mrlu.UI-PRO";
				PRODUCT_NAME = "$(TARGET_NAME)";
			};
			name = Release;
		};
		8AC225071D41C7C2002BC2FF /* Debug */ = {
			isa = XCBuildConfiguration;
			baseConfigurationReference = 869803B84A6255D84285E1B4 /* Pods-MLLaunchADView.debug.xcconfig */;
			buildSettings = {
				ASSETCATALOG_COMPILER_APPICON_NAME = AppIcon;
				INFOPLIST_FILE = MLLaunchADView/Info.plist;
				LD_RUNPATH_SEARCH_PATHS = "$(inherited) @executable_path/Frameworks";
				PRODUCT_BUNDLE_IDENTIFIER = Mrlu.MLLaunchADView;
				PRODUCT_NAME = "$(TARGET_NAME)";
			};
			name = Debug;
		};
		8AC225081D41C7C2002BC2FF /* Release */ = {
			isa = XCBuildConfiguration;
			baseConfigurationReference = B13AC0A47E6CD0C812C1C5D1 /* Pods-MLLaunchADView.release.xcconfig */;
			buildSettings = {
				ASSETCATALOG_COMPILER_APPICON_NAME = AppIcon;
				INFOPLIST_FILE = MLLaunchADView/Info.plist;
				LD_RUNPATH_SEARCH_PATHS = "$(inherited) @executable_path/Frameworks";
				PRODUCT_BUNDLE_IDENTIFIER = Mrlu.MLLaunchADView;
				PRODUCT_NAME = "$(TARGET_NAME)";
			};
			name = Release;
		};
		8AFF219D1D47385F005D2A5E /* Debug */ = {
			isa = XCBuildConfiguration;
			buildSettings = {
				ASSETCATALOG_COMPILER_APPICON_NAME = AppIcon;
				INFOPLIST_FILE = MLFloatHelpView/Info.plist;
				LD_RUNPATH_SEARCH_PATHS = "$(inherited) @executable_path/Frameworks";
				PRODUCT_BUNDLE_IDENTIFIER = Mrlu.MLFloatHelpView;
				PRODUCT_NAME = "$(TARGET_NAME)";
			};
			name = Debug;
		};
		8AFF219E1D47385F005D2A5E /* Release */ = {
			isa = XCBuildConfiguration;
			buildSettings = {
				ASSETCATALOG_COMPILER_APPICON_NAME = AppIcon;
				INFOPLIST_FILE = MLFloatHelpView/Info.plist;
				LD_RUNPATH_SEARCH_PATHS = "$(inherited) @executable_path/Frameworks";
				PRODUCT_BUNDLE_IDENTIFIER = Mrlu.MLFloatHelpView;
				PRODUCT_NAME = "$(TARGET_NAME)";
			};
			name = Release;
		};
		8AFF21C31D4769AB005D2A5E /* Debug */ = {
			isa = XCBuildConfiguration;
			buildSettings = {
				ASSETCATALOG_COMPILER_APPICON_NAME = AppIcon;
				INFOPLIST_FILE = MLCountdownControl/Info.plist;
				LD_RUNPATH_SEARCH_PATHS = "$(inherited) @executable_path/Frameworks";
				PRODUCT_BUNDLE_IDENTIFIER = Mrlu.MLCountdownControl;
				PRODUCT_NAME = "$(TARGET_NAME)";
			};
			name = Debug;
		};
		8AFF21C41D4769AB005D2A5E /* Release */ = {
			isa = XCBuildConfiguration;
			buildSettings = {
				ASSETCATALOG_COMPILER_APPICON_NAME = AppIcon;
				INFOPLIST_FILE = MLCountdownControl/Info.plist;
				LD_RUNPATH_SEARCH_PATHS = "$(inherited) @executable_path/Frameworks";
				PRODUCT_BUNDLE_IDENTIFIER = Mrlu.MLCountdownControl;
				PRODUCT_NAME = "$(TARGET_NAME)";
			};
			name = Release;
		};
/* End XCBuildConfiguration section */

/* Begin XCConfigurationList section */
		8AC224B41D41BECC002BC2FF /* Build configuration list for PBXProject "UI_PRO" */ = {
			isa = XCConfigurationList;
			buildConfigurations = (
				8AC224CE1D41BECC002BC2FF /* Debug */,
				8AC224CF1D41BECC002BC2FF /* Release */,
			);
			defaultConfigurationIsVisible = 0;
			defaultConfigurationName = Release;
		};
		8AC224D01D41BECC002BC2FF /* Build configuration list for PBXNativeTarget "UI_PRO" */ = {
			isa = XCConfigurationList;
			buildConfigurations = (
				8AC224D11D41BECC002BC2FF /* Debug */,
				8AC224D21D41BECC002BC2FF /* Release */,
			);
			defaultConfigurationIsVisible = 0;
			defaultConfigurationName = Release;
		};
		8AC225061D41C7C2002BC2FF /* Build configuration list for PBXNativeTarget "MLLaunchADView" */ = {
			isa = XCConfigurationList;
			buildConfigurations = (
				8AC225071D41C7C2002BC2FF /* Debug */,
				8AC225081D41C7C2002BC2FF /* Release */,
			);
			defaultConfigurationIsVisible = 0;
			defaultConfigurationName = Release;
		};
		8AFF219C1D47385F005D2A5E /* Build configuration list for PBXNativeTarget "MLFloatHelpView" */ = {
			isa = XCConfigurationList;
			buildConfigurations = (
				8AFF219D1D47385F005D2A5E /* Debug */,
				8AFF219E1D47385F005D2A5E /* Release */,
			);
			defaultConfigurationIsVisible = 0;
			defaultConfigurationName = Release;
		};
		8AFF21C21D4769AB005D2A5E /* Build configuration list for PBXNativeTarget "MLCountdownControl" */ = {
			isa = XCConfigurationList;
			buildConfigurations = (
				8AFF21C31D4769AB005D2A5E /* Debug */,
				8AFF21C41D4769AB005D2A5E /* Release */,
			);
			defaultConfigurationIsVisible = 0;
			defaultConfigurationName = Release;
		};
/* End XCConfigurationList section */
	};
	rootObject = 8AC224B11D41BECC002BC2FF /* Project object */;
}
